
Microsoft Visual Studio Solution File, Format Version 12.00
# Visual Studio Version 17
VisualStudioVersion = 17.14.35906.104 d17.14
MinimumVisualStudioVersion = 10.0.40219.1
Project("{FAE04EC0-301F-11D3-BF4B-00C04F79EFBC}") = "newRestaurant", "newRestaurant\newRestaurant.csproj", "{76C5AA4D-990B-4DA5-BFAA-3C36A60DD902}"
EndProject
Global
	GlobalSection(SolutionConfigurationPlatforms) = preSolution
		Debug|Any CPU = Debug|Any CPU
		Release|Any CPU = Release|Any CPU
	EndGlobalSection
	GlobalSection(ProjectConfigurationPlatforms) = postSolution
		{76C5AA4D-990B-4DA5-BFAA-3C36A60DD902}.Debug|Any CPU.ActiveCfg = Debug|Any CPU
		{76C5AA4D-990B-4DA5-BFAA-3C36A60DD902}.Debug|Any CPU.Build.0 = Debug|Any CPU
		{76C5AA4D-990B-4DA5-BFAA-3C36A60DD902}.Release|Any CPU.ActiveCfg = Release|Any CPU
		{76C5AA4D-990B-4DA5-BFAA-3C36A60DD902}.Release|Any CPU.Build.0 = Release|Any CPU
	EndGlobalSection
	GlobalSection(SolutionProperties) = preSolution
		HideSolutionNode = FALSE
	EndGlobalSection
	GlobalSection(ExtensibilityGlobals) = postSolution
		SolutionGuid = {0D7A231A-B3A1-461B-8CA3-877A541972C5}
	EndGlobalSection
EndGlobal
